# This file was autogenerated by Stack.
# You should not edit this file by hand.
# For more information, please see the documentation at:
#   https://docs.haskellstack.org/en/stable/lock_files

packages:
- completed:
    hackage: elm-street-0.2.0.0@sha256:0fd5fc2577342d415fefcc6842cecc9aabfdb2e8e9d51b78fbf4fa8071c7ea13,4478
    pantry-tree:
      size: 1266
      sha256: 6f4d0f3fd457f6978b13f43c091f1d7633693c372d575efb2611da938d13bf4c
  original:
    hackage: elm-street-0.2.0.0@sha256:0fd5fc2577342d415fefcc6842cecc9aabfdb2e8e9d51b78fbf4fa8071c7ea13,4478
snapshots:
- completed:
    size: 618506
    url: https://raw.githubusercontent.com/commercialhaskell/stackage-snapshots/master/lts/19/8.yaml
    sha256: f1c4aca9b9b81afbb9db55571acb0690cdc01ac97a178234de281f9dc075e95e
  original: lts-19.8
