# This file was autogenerated by Stack.
# You should not edit this file by hand.
# For more information, please see the documentation at:
#   https://docs.haskellstack.org/en/stable/lock_files

packages:
- completed:
    hackage: hspec-2.9.4@sha256:658a6a74d5a70c040edd6df2a12228c6d9e63082adaad1ed4d0438ad082a0ef3,1709
    pantry-tree:
      size: 583
      sha256: 0a92fc29b7e7f422dbd056c8e8bb88f5e4009ad37d679a8a2dab3ca62de98277
  original:
    hackage: hspec-2.9.4@sha256:658a6a74d5a70c040edd6df2a12228c6d9e63082adaad1ed4d0438ad082a0ef3,1709
- completed:
    hackage: hspec-core-2.9.4@sha256:a126e9087409fef8dcafcd2f8656456527ac7bb163ed4d9cb3a57589042a5fe8,6498
    pantry-tree:
      size: 5684
      sha256: 3715daf7eb40eefeba075013c5b70d57219d0cfd8114706fc7500c9442f05966
  original:
    hackage: hspec-core-2.9.4@sha256:a126e9087409fef8dcafcd2f8656456527ac7bb163ed4d9cb3a57589042a5fe8,6498
- completed:
    hackage: hspec-discover-2.9.4@sha256:fbcf49ecfc3d4da53e797fd0275264cba776ffa324ee223e2a3f4ec2d2c9c4a6,2165
    pantry-tree:
      size: 828
      sha256: 54035d7fe6836d08d2e6e934b415135f7e77b4cb002167c4620e3b68d3c51bd7
  original:
    hackage: hspec-discover-2.9.4@sha256:fbcf49ecfc3d4da53e797fd0275264cba776ffa324ee223e2a3f4ec2d2c9c4a6,2165
snapshots:
- completed:
    size: 586110
    url: https://raw.githubusercontent.com/commercialhaskell/stackage-snapshots/master/lts/18/21.yaml
    sha256: ce4fb8d44f3c6c6032060a02e0ebb1bd29937c9a70101c1517b92a87d9515160
  original: lts-18.21
